
Microsoft Visual Studio Solution File, Format Version 12.00
# Visual Studio Version 17
VisualStudioVersion = 17.13.35931.197 d17.13
MinimumVisualStudioVersion = 10.0.40219.1
Project("{FAE04EC0-301F-11D3-BF4B-00C04F79EFBC}") = "Test_1", "Test_1\Test_1.csproj", "{D3075513-2AC1-4BD6-ADF2-6498E26C27CB}"
EndProject
Global
	GlobalSection(SolutionConfigurationPlatforms) = preSolution
		Debug|Any CPU = Debug|Any CPU
		Release|Any CPU = Release|Any CPU
	EndGlobalSection
	GlobalSection(ProjectConfigurationPlatforms) = postSolution
		{D3075513-2AC1-4BD6-ADF2-6498E26C27CB}.Debug|Any CPU.ActiveCfg = Debug|Any CPU
		{D3075513-2AC1-4BD6-ADF2-6498E26C27CB}.Debug|Any CPU.Build.0 = Debug|Any CPU
		{D3075513-2AC1-4BD6-ADF2-6498E26C27CB}.Release|Any CPU.ActiveCfg = Release|Any CPU
		{D3075513-2AC1-4BD6-ADF2-6498E26C27CB}.Release|Any CPU.Build.0 = Release|Any CPU
	EndGlobalSection
	GlobalSection(SolutionProperties) = preSolution
		HideSolutionNode = FALSE
	EndGlobalSection
	GlobalSection(ExtensibilityGlobals) = postSolution
		SolutionGuid = {68545579-4095-405C-89AA-FDEEB0C68D2A}
	EndGlobalSection
EndGlobal
